// !$*UTF8*$!
{
	archiveVersion = 1;
	classes = {
	};
	objectVersion = 51;
	objects = {

/* Begin PBXBuildFile section */
		5703EE38264DCACF00F54139 /* WelcomeViewController.swift in Sources */ = {isa = PBXBuildFile; fileRef = 5703EE37264DCACF00F54139 /* WelcomeViewController.swift */; };
		5703EE3A264DCE2C00F54139 /* RegisterViewController.swift in Sources */ = {isa = PBXBuildFile; fileRef = 5703EE39264DCE2C00F54139 /* RegisterViewController.swift */; };
		5703EE3C264DCE3E00F54139 /* LoginViewController.swift in Sources */ = {isa = PBXBuildFile; fileRef = 5703EE3B264DCE3E00F54139 /* LoginViewController.swift */; };
		5703EE3E264E08D900F54139 /* CustomBar.swift in Sources */ = {isa = PBXBuildFile; fileRef = 5703EE3D264E08D900F54139 /* CustomBar.swift */; };
		5703EE40264E1B9300F54139 /* ProfileViewController.swift in Sources */ = {isa = PBXBuildFile; fileRef = 5703EE3F264E1B9300F54139 /* ProfileViewController.swift */; };
		5703EE42264E347400F54139 /* TaskViewController.swift in Sources */ = {isa = PBXBuildFile; fileRef = 5703EE41264E347400F54139 /* TaskViewController.swift */; };
		57076E6C261A0B3A000950E5 /* Answerable.swift in Sources */ = {isa = PBXBuildFile; fileRef = 57076E6B261A0B3A000950E5 /* Answerable.swift */; };
		57076E6E261A1AA1000950E5 /* K.swift in Sources */ = {isa = PBXBuildFile; fileRef = 57076E6D261A1AA0000950E5 /* K.swift */; };
		57076E70261A1BA6000950E5 /* QuestionData.swift in Sources */ = {isa = PBXBuildFile; fileRef = 57076E6F261A1BA6000950E5 /* QuestionData.swift */; };
		5716E36A2657CA4E0073EAA0 /* TaskViewCell.swift in Sources */ = {isa = PBXBuildFile; fileRef = 5716E3682657CA4E0073EAA0 /* TaskViewCell.swift */; };
		5716E36B2657CA4E0073EAA0 /* TaskViewCell.xib in Resources */ = {isa = PBXBuildFile; fileRef = 5716E3692657CA4E0073EAA0 /* TaskViewCell.xib */; };
		5725A8132634F1A2001111B7 /* TextCollectionViewCell.swift in Sources */ = {isa = PBXBuildFile; fileRef = 5725A8112634F1A2001111B7 /* TextCollectionViewCell.swift */; };
		5725A8142634F1A2001111B7 /* TextCollectionViewCell.xib in Resources */ = {isa = PBXBuildFile; fileRef = 5725A8122634F1A2001111B7 /* TextCollectionViewCell.xib */; };
		5725A8192637850D001111B7 /* Data.json in Resources */ = {isa = PBXBuildFile; fileRef = 5725A8182637850D001111B7 /* Data.json */; };
		5725A81B2638EFC8001111B7 /* QuestionModel.swift in Sources */ = {isa = PBXBuildFile; fileRef = 5725A81A2638EFC8001111B7 /* QuestionModel.swift */; };
		5725A81D2638F2EC001111B7 /* QuestionManager.swift in Sources */ = {isa = PBXBuildFile; fileRef = 5725A81C2638F2EC001111B7 /* QuestionManager.swift */; };
		5765DB672614F4C600092F9C /* QuestionPictureViewController.swift in Sources */ = {isa = PBXBuildFile; fileRef = 5765DB652614F4C600092F9C /* QuestionPictureViewController.swift */; };
		5765DB682614F4C600092F9C /* QuestionPictureViewController.xib in Resources */ = {isa = PBXBuildFile; fileRef = 5765DB662614F4C600092F9C /* QuestionPictureViewController.xib */; };
		5765DB6A2615C29200092F9C /* ModuleViewController.swift in Sources */ = {isa = PBXBuildFile; fileRef = 5765DB692615C29200092F9C /* ModuleViewController.swift */; };
		5765DB6D2616325E00092F9C /* TextViewController.swift in Sources */ = {isa = PBXBuildFile; fileRef = 5765DB6B2616325E00092F9C /* TextViewController.swift */; };
		5765DB6E2616325E00092F9C /* TextViewController.xib in Resources */ = {isa = PBXBuildFile; fileRef = 5765DB6C2616325E00092F9C /* TextViewController.xib */; };
		5775B87A264C64EE00C985E6 /* ArticleViewController.swift in Sources */ = {isa = PBXBuildFile; fileRef = 5775B879264C64EE00C985E6 /* ArticleViewController.swift */; };
		5775B87D264C9A3A00C985E6 /* ArticleVCell.swift in Sources */ = {isa = PBXBuildFile; fileRef = 5775B87B264C9A3A00C985E6 /* ArticleVCell.swift */; };
		5775B87E264C9A3A00C985E6 /* ArticleVCell.xib in Resources */ = {isa = PBXBuildFile; fileRef = 5775B87C264C9A3A00C985E6 /* ArticleVCell.xib */; };
		579DF041261242AA007DE1CC /* AppDelegate.swift in Sources */ = {isa = PBXBuildFile; fileRef = 579DF040261242AA007DE1CC /* AppDelegate.swift */; };
		579DF043261242AA007DE1CC /* SceneDelegate.swift in Sources */ = {isa = PBXBuildFile; fileRef = 579DF042261242AA007DE1CC /* SceneDelegate.swift */; };
		579DF045261242AA007DE1CC /* ViewController.swift in Sources */ = {isa = PBXBuildFile; fileRef = 579DF044261242AA007DE1CC /* ViewController.swift */; };
		579DF048261242AA007DE1CC /* Main.storyboard in Resources */ = {isa = PBXBuildFile; fileRef = 579DF046261242AA007DE1CC /* Main.storyboard */; };
		579DF04A261242AB007DE1CC /* Assets.xcassets in Resources */ = {isa = PBXBuildFile; fileRef = 579DF049261242AB007DE1CC /* Assets.xcassets */; };
		579DF04D261242AB007DE1CC /* LaunchScreen.storyboard in Resources */ = {isa = PBXBuildFile; fileRef = 579DF04B261242AB007DE1CC /* LaunchScreen.storyboard */; };
		57EB280A26520068002F3414 /* LeftAlignedCollectionViewFlowLayout.swift in Sources */ = {isa = PBXBuildFile; fileRef = 57EB280926520068002F3414 /* LeftAlignedCollectionViewFlowLayout.swift */; };
		57F22177265AA8C400306C30 /* data2.json in Resources */ = {isa = PBXBuildFile; fileRef = 57F22176265AA8C400306C30 /* data2.json */; };
		57F778CC2646051800FDB987 /* ResultViewController.swift in Sources */ = {isa = PBXBuildFile; fileRef = 57F778CB2646051800FDB987 /* ResultViewController.swift */; };
		57F97B92264D6D3300458914 /* ArticleBodyVC.swift in Sources */ = {isa = PBXBuildFile; fileRef = 57F97B91264D6D3300458914 /* ArticleBodyVC.swift */; };
		57F97B94264D807F00458914 /* GoogleService-Info.plist in Resources */ = {isa = PBXBuildFile; fileRef = 57F97B93264D807F00458914 /* GoogleService-Info.plist */; };
		9DC02513060EFE7AB9F4CDAC /* Pods_KazLinguo.framework in Frameworks */ = {isa = PBXBuildFile; fileRef = 5CCCD74DC4B769F6FCDC6848 /* Pods_KazLinguo.framework */; };
/* End PBXBuildFile section */

/* Begin PBXFileReference section */
		289E29FC317E86DA6195B907 /* Pods-KazLinguo.release.xcconfig */ = {isa = PBXFileReference; includeInIndex = 1; lastKnownFileType = text.xcconfig; name = "Pods-KazLinguo.release.xcconfig"; path = "Target Support Files/Pods-KazLinguo/Pods-KazLinguo.release.xcconfig"; sourceTree = "<group>"; };
		5703EE37264DCACF00F54139 /* WelcomeViewController.swift */ = {isa = PBXFileReference; lastKnownFileType = sourcecode.swift; path = WelcomeViewController.swift; sourceTree = "<group>"; };
		5703EE39264DCE2C00F54139 /* RegisterViewController.swift */ = {isa = PBXFileReference; lastKnownFileType = sourcecode.swift; path = RegisterViewController.swift; sourceTree = "<group>"; };
		5703EE3B264DCE3E00F54139 /* LoginViewController.swift */ = {isa = PBXFileReference; lastKnownFileType = sourcecode.swift; path = LoginViewController.swift; sourceTree = "<group>"; };
		5703EE3D264E08D900F54139 /* CustomBar.swift */ = {isa = PBXFileReference; lastKnownFileType = sourcecode.swift; path = CustomBar.swift; sourceTree = "<group>"; };
		5703EE3F264E1B9300F54139 /* ProfileViewController.swift */ = {isa = PBXFileReference; lastKnownFileType = sourcecode.swift; path = ProfileViewController.swift; sourceTree = "<group>"; };
		5703EE41264E347400F54139 /* TaskViewController.swift */ = {isa = PBXFileReference; lastKnownFileType = sourcecode.swift; path = TaskViewController.swift; sourceTree = "<group>"; };
		57076E6B261A0B3A000950E5 /* Answerable.swift */ = {isa = PBXFileReference; lastKnownFileType = sourcecode.swift; path = Answerable.swift; sourceTree = "<group>"; };
		57076E6D261A1AA0000950E5 /* K.swift */ = {isa = PBXFileReference; lastKnownFileType = sourcecode.swift; path = K.swift; sourceTree = "<group>"; };
		57076E6F261A1BA6000950E5 /* QuestionData.swift */ = {isa = PBXFileReference; lastKnownFileType = sourcecode.swift; path = QuestionData.swift; sourceTree = "<group>"; };
		5716E3682657CA4E0073EAA0 /* TaskViewCell.swift */ = {isa = PBXFileReference; lastKnownFileType = sourcecode.swift; path = TaskViewCell.swift; sourceTree = "<group>"; };
		5716E3692657CA4E0073EAA0 /* TaskViewCell.xib */ = {isa = PBXFileReference; lastKnownFileType = file.xib; path = TaskViewCell.xib; sourceTree = "<group>"; };
		5725A8112634F1A2001111B7 /* TextCollectionViewCell.swift */ = {isa = PBXFileReference; lastKnownFileType = sourcecode.swift; path = TextCollectionViewCell.swift; sourceTree = "<group>"; };
		5725A8122634F1A2001111B7 /* TextCollectionViewCell.xib */ = {isa = PBXFileReference; lastKnownFileType = file.xib; path = TextCollectionViewCell.xib; sourceTree = "<group>"; };
		5725A8182637850D001111B7 /* Data.json */ = {isa = PBXFileReference; lastKnownFileType = text.json; path = Data.json; sourceTree = "<group>"; };
		5725A81A2638EFC8001111B7 /* QuestionModel.swift */ = {isa = PBXFileReference; lastKnownFileType = sourcecode.swift; path = QuestionModel.swift; sourceTree = "<group>"; };
		5725A81C2638F2EC001111B7 /* QuestionManager.swift */ = {isa = PBXFileReference; lastKnownFileType = sourcecode.swift; path = QuestionManager.swift; sourceTree = "<group>"; };
		5765DB652614F4C600092F9C /* QuestionPictureViewController.swift */ = {isa = PBXFileReference; lastKnownFileType = sourcecode.swift; path = QuestionPictureViewController.swift; sourceTree = "<group>"; };
		5765DB662614F4C600092F9C /* QuestionPictureViewController.xib */ = {isa = PBXFileReference; lastKnownFileType = file.xib; path = QuestionPictureViewController.xib; sourceTree = "<group>"; };
		5765DB692615C29200092F9C /* ModuleViewController.swift */ = {isa = PBXFileReference; lastKnownFileType = sourcecode.swift; path = ModuleViewController.swift; sourceTree = "<group>"; };
		5765DB6B2616325E00092F9C /* TextViewController.swift */ = {isa = PBXFileReference; lastKnownFileType = sourcecode.swift; path = TextViewController.swift; sourceTree = "<group>"; };
		5765DB6C2616325E00092F9C /* TextViewController.xib */ = {isa = PBXFileReference; lastKnownFileType = file.xib; path = TextViewController.xib; sourceTree = "<group>"; };
		5775B879264C64EE00C985E6 /* ArticleViewController.swift */ = {isa = PBXFileReference; lastKnownFileType = sourcecode.swift; path = ArticleViewController.swift; sourceTree = "<group>"; };
		5775B87B264C9A3A00C985E6 /* ArticleVCell.swift */ = {isa = PBXFileReference; lastKnownFileType = sourcecode.swift; path = ArticleVCell.swift; sourceTree = "<group>"; };
		5775B87C264C9A3A00C985E6 /* ArticleVCell.xib */ = {isa = PBXFileReference; lastKnownFileType = file.xib; path = ArticleVCell.xib; sourceTree = "<group>"; };
		579DF03D261242AA007DE1CC /* KazLinguo.app */ = {isa = PBXFileReference; explicitFileType = wrapper.application; includeInIndex = 0; path = KazLinguo.app; sourceTree = BUILT_PRODUCTS_DIR; };
		579DF040261242AA007DE1CC /* AppDelegate.swift */ = {isa = PBXFileReference; lastKnownFileType = sourcecode.swift; path = AppDelegate.swift; sourceTree = "<group>"; };
		579DF042261242AA007DE1CC /* SceneDelegate.swift */ = {isa = PBXFileReference; lastKnownFileType = sourcecode.swift; path = SceneDelegate.swift; sourceTree = "<group>"; };
		579DF044261242AA007DE1CC /* ViewController.swift */ = {isa = PBXFileReference; lastKnownFileType = sourcecode.swift; path = ViewController.swift; sourceTree = "<group>"; };
		579DF047261242AA007DE1CC /* Base */ = {isa = PBXFileReference; lastKnownFileType = file.storyboard; name = Base; path = Base.lproj/Main.storyboard; sourceTree = "<group>"; };
		579DF049261242AB007DE1CC /* Assets.xcassets */ = {isa = PBXFileReference; lastKnownFileType = folder.assetcatalog; path = Assets.xcassets; sourceTree = "<group>"; };
		579DF04C261242AB007DE1CC /* Base */ = {isa = PBXFileReference; lastKnownFileType = file.storyboard; name = Base; path = Base.lproj/LaunchScreen.storyboard; sourceTree = "<group>"; };
		579DF04E261242AB007DE1CC /* Info.plist */ = {isa = PBXFileReference; lastKnownFileType = text.plist.xml; path = Info.plist; sourceTree = "<group>"; };
		57EB280926520068002F3414 /* LeftAlignedCollectionViewFlowLayout.swift */ = {isa = PBXFileReference; lastKnownFileType = sourcecode.swift; path = LeftAlignedCollectionViewFlowLayout.swift; sourceTree = "<group>"; };
		57F22176265AA8C400306C30 /* data2.json */ = {isa = PBXFileReference; lastKnownFileType = text.json; path = data2.json; sourceTree = "<group>"; };
		57F778CB2646051800FDB987 /* ResultViewController.swift */ = {isa = PBXFileReference; lastKnownFileType = sourcecode.swift; path = ResultViewController.swift; sourceTree = "<group>"; };
		57F97B91264D6D3300458914 /* ArticleBodyVC.swift */ = {isa = PBXFileReference; lastKnownFileType = sourcecode.swift; path = ArticleBodyVC.swift; sourceTree = "<group>"; };
		57F97B93264D807F00458914 /* GoogleService-Info.plist */ = {isa = PBXFileReference; fileEncoding = 4; lastKnownFileType = text.plist.xml; path = "GoogleService-Info.plist"; sourceTree = "<group>"; };
		5CCCD74DC4B769F6FCDC6848 /* Pods_KazLinguo.framework */ = {isa = PBXFileReference; explicitFileType = wrapper.framework; includeInIndex = 0; path = Pods_KazLinguo.framework; sourceTree = BUILT_PRODUCTS_DIR; };
		E0F3C33825F0681BB305B93D /* Pods-KazLinguo.debug.xcconfig */ = {isa = PBXFileReference; includeInIndex = 1; lastKnownFileType = text.xcconfig; name = "Pods-KazLinguo.debug.xcconfig"; path = "Target Support Files/Pods-KazLinguo/Pods-KazLinguo.debug.xcconfig"; sourceTree = "<group>"; };
/* End PBXFileReference section */

/* Begin PBXFrameworksBuildPhase section */
		579DF03A261242AA007DE1CC /* Frameworks */ = {
			isa = PBXFrameworksBuildPhase;
			buildActionMask = 2147483647;
			files = (
				9DC02513060EFE7AB9F4CDAC /* Pods_KazLinguo.framework in Frameworks */,
			);
			runOnlyForDeploymentPostprocessing = 0;
		};
/* End PBXFrameworksBuildPhase section */

/* Begin PBXGroup section */
		5765DB622614A0FB00092F9C /* Model */ = {
			isa = PBXGroup;
			children = (
				57076E6B261A0B3A000950E5 /* Answerable.swift */,
				57076E6D261A1AA0000950E5 /* K.swift */,
				57076E6F261A1BA6000950E5 /* QuestionData.swift */,
				5725A81A2638EFC8001111B7 /* QuestionModel.swift */,
				5725A81C2638F2EC001111B7 /* QuestionManager.swift */,
			);
			path = Model;
			sourceTree = "<group>";
		};
		5765DB632614A10A00092F9C /* View */ = {
			isa = PBXGroup;
			children = (
				579DF046261242AA007DE1CC /* Main.storyboard */,
				5765DB662614F4C600092F9C /* QuestionPictureViewController.xib */,
				579DF04B261242AB007DE1CC /* LaunchScreen.storyboard */,
				5765DB6C2616325E00092F9C /* TextViewController.xib */,
				5725A8122634F1A2001111B7 /* TextCollectionViewCell.xib */,
				5725A8112634F1A2001111B7 /* TextCollectionViewCell.swift */,
				5775B87C264C9A3A00C985E6 /* ArticleVCell.xib */,
				5775B87B264C9A3A00C985E6 /* ArticleVCell.swift */,
				5703EE3D264E08D900F54139 /* CustomBar.swift */,
				5716E3692657CA4E0073EAA0 /* TaskViewCell.xib */,
				5716E3682657CA4E0073EAA0 /* TaskViewCell.swift */,
			);
			path = View;
			sourceTree = "<group>";
		};
		5765DB642614A11400092F9C /* Controller */ = {
			isa = PBXGroup;
			children = (
				5703EE37264DCACF00F54139 /* WelcomeViewController.swift */,
				5703EE39264DCE2C00F54139 /* RegisterViewController.swift */,
				5703EE3B264DCE3E00F54139 /* LoginViewController.swift */,
				5765DB692615C29200092F9C /* ModuleViewController.swift */,
				5765DB652614F4C600092F9C /* QuestionPictureViewController.swift */,
				5765DB6B2616325E00092F9C /* TextViewController.swift */,
				57F778CB2646051800FDB987 /* ResultViewController.swift */,
				5775B879264C64EE00C985E6 /* ArticleViewController.swift */,
				57F97B91264D6D3300458914 /* ArticleBodyVC.swift */,
				5703EE3F264E1B9300F54139 /* ProfileViewController.swift */,
				5703EE41264E347400F54139 /* TaskViewController.swift */,
				579DF044261242AA007DE1CC /* ViewController.swift */,
			);
			path = Controller;
			sourceTree = "<group>";
		};
		579DF034261242AA007DE1CC = {
			isa = PBXGroup;
			children = (
				579DF03F261242AA007DE1CC /* KazLinguo */,
				579DF03E261242AA007DE1CC /* Products */,
				CA44E21D8BC4323FAB45853C /* Pods */,
				AACEF6F1C131530D6389CEB7 /* Frameworks */,
			);
			sourceTree = "<group>";
		};
		579DF03E261242AA007DE1CC /* Products */ = {
			isa = PBXGroup;
			children = (
				579DF03D261242AA007DE1CC /* KazLinguo.app */,
			);
			name = Products;
			sourceTree = "<group>";
		};
		579DF03F261242AA007DE1CC /* KazLinguo */ = {
			isa = PBXGroup;
			children = (
				5765DB642614A11400092F9C /* Controller */,
				5765DB632614A10A00092F9C /* View */,
				5765DB622614A0FB00092F9C /* Model */,
				579DF040261242AA007DE1CC /* AppDelegate.swift */,
				57EB280926520068002F3414 /* LeftAlignedCollectionViewFlowLayout.swift */,
				5725A8182637850D001111B7 /* Data.json */,
				579DF042261242AA007DE1CC /* SceneDelegate.swift */,
				579DF049261242AB007DE1CC /* Assets.xcassets */,
				579DF04E261242AB007DE1CC /* Info.plist */,
				57F97B93264D807F00458914 /* GoogleService-Info.plist */,
				57F22176265AA8C400306C30 /* data2.json */,
			);
			path = KazLinguo;
			sourceTree = "<group>";
		};
		AACEF6F1C131530D6389CEB7 /* Frameworks */ = {
			isa = PBXGroup;
			children = (
				5CCCD74DC4B769F6FCDC6848 /* Pods_KazLinguo.framework */,
			);
			name = Frameworks;
			sourceTree = "<group>";
		};
		CA44E21D8BC4323FAB45853C /* Pods */ = {
			isa = PBXGroup;
			children = (
				E0F3C33825F0681BB305B93D /* Pods-KazLinguo.debug.xcconfig */,
				289E29FC317E86DA6195B907 /* Pods-KazLinguo.release.xcconfig */,
			);
			path = Pods;
			sourceTree = "<group>";
		};
/* End PBXGroup section */

/* Begin PBXNativeTarget section */
		579DF03C261242AA007DE1CC /* KazLinguo */ = {
			isa = PBXNativeTarget;
			buildConfigurationList = 579DF051261242AB007DE1CC /* Build configuration list for PBXNativeTarget "KazLinguo" */;
			buildPhases = (
				F724E1AD65B12F8CEA7120A0 /* [CP] Check Pods Manifest.lock */,
				579DF039261242AA007DE1CC /* Sources */,
				579DF03A261242AA007DE1CC /* Frameworks */,
				579DF03B261242AA007DE1CC /* Resources */,
				7FA5786A339A6B0F17BE7B78 /* [CP] Embed Pods Frameworks */,
			);
			buildRules = (
			);
			dependencies = (
			);
			name = KazLinguo;
			productName = KazLinguo;
			productReference = 579DF03D261242AA007DE1CC /* KazLinguo.app */;
			productType = "com.apple.product-type.application";
		};
/* End PBXNativeTarget section */

/* Begin PBXProject section */
		579DF035261242AA007DE1CC /* Project object */ = {
			isa = PBXProject;
			attributes = {
				LastSwiftUpdateCheck = 1130;
				LastUpgradeCheck = 1130;
				ORGANIZATIONNAME = SKE;
				TargetAttributes = {
					579DF03C261242AA007DE1CC = {
						CreatedOnToolsVersion = 11.3.1;
					};
				};
			};
			buildConfigurationList = 579DF038261242AA007DE1CC /* Build configuration list for PBXProject "KazLinguo" */;
			compatibilityVersion = "Xcode 9.3";
			developmentRegion = en;
			hasScannedForEncodings = 0;
			knownRegions = (
				en,
				Base,
			);
			mainGroup = 579DF034261242AA007DE1CC;
			productRefGroup = 579DF03E261242AA007DE1CC /* Products */;
			projectDirPath = "";
			projectRoot = "";
			targets = (
				579DF03C261242AA007DE1CC /* KazLinguo */,
			);
		};
/* End PBXProject section */

/* Begin PBXResourcesBuildPhase section */
		579DF03B261242AA007DE1CC /* Resources */ = {
			isa = PBXResourcesBuildPhase;
			buildActionMask = 2147483647;
			files = (
				57F22177265AA8C400306C30 /* data2.json in Resources */,
				579DF04D261242AB007DE1CC /* LaunchScreen.storyboard in Resources */,
				5765DB6E2616325E00092F9C /* TextViewController.xib in Resources */,
				579DF04A261242AB007DE1CC /* Assets.xcassets in Resources */,
				5775B87E264C9A3A00C985E6 /* ArticleVCell.xib in Resources */,
				5725A8142634F1A2001111B7 /* TextCollectionViewCell.xib in Resources */,
				5716E36B2657CA4E0073EAA0 /* TaskViewCell.xib in Resources */,
				57F97B94264D807F00458914 /* GoogleService-Info.plist in Resources */,
				5725A8192637850D001111B7 /* Data.json in Resources */,
				579DF048261242AA007DE1CC /* Main.storyboard in Resources */,
				5765DB682614F4C600092F9C /* QuestionPictureViewController.xib in Resources */,
			);
			runOnlyForDeploymentPostprocessing = 0;
		};
/* End PBXResourcesBuildPhase section */

/* Begin PBXShellScriptBuildPhase section */
		7FA5786A339A6B0F17BE7B78 /* [CP] Embed Pods Frameworks */ = {
			isa = PBXShellScriptBuildPhase;
			buildActionMask = 2147483647;
			files = (
			);
			inputFileListPaths = (
				"${PODS_ROOT}/Target Support Files/Pods-KazLinguo/Pods-KazLinguo-frameworks-${CONFIGURATION}-input-files.xcfilelist",
			);
			name = "[CP] Embed Pods Frameworks";
			outputFileListPaths = (
				"${PODS_ROOT}/Target Support Files/Pods-KazLinguo/Pods-KazLinguo-frameworks-${CONFIGURATION}-output-files.xcfilelist",
			);
			runOnlyForDeploymentPostprocessing = 0;
			shellPath = /bin/sh;
			shellScript = "\"${PODS_ROOT}/Target Support Files/Pods-KazLinguo/Pods-KazLinguo-frameworks.sh\"\n";
			showEnvVarsInLog = 0;
		};
		F724E1AD65B12F8CEA7120A0 /* [CP] Check Pods Manifest.lock */ = {
			isa = PBXShellScriptBuildPhase;
			buildActionMask = 2147483647;
			files = (
			);
			inputFileListPaths = (
			);
			inputPaths = (
				"${PODS_PODFILE_DIR_PATH}/Podfile.lock",
				"${PODS_ROOT}/Manifest.lock",
			);
			name = "[CP] Check Pods Manifest.lock";
			outputFileListPaths = (
			);
			outputPaths = (
				"$(DERIVED_FILE_DIR)/Pods-KazLinguo-checkManifestLockResult.txt",
			);
			runOnlyForDeploymentPostprocessing = 0;
			shellPath = /bin/sh;
			shellScript = "diff \"${PODS_PODFILE_DIR_PATH}/Podfile.lock\" \"${PODS_ROOT}/Manifest.lock\" > /dev/null\nif [ $? != 0 ] ; then\n    # print error to STDERR\n    echo \"error: The sandbox is not in sync with the Podfile.lock. Run 'pod install' or update your CocoaPods installation.\" >&2\n    exit 1\nfi\n# This output is used by Xcode 'outputs' to avoid re-running this script phase.\necho \"SUCCESS\" > \"${SCRIPT_OUTPUT_FILE_0}\"\n";
			showEnvVarsInLog = 0;
		};
/* End PBXShellScriptBuildPhase section */

/* Begin PBXSourcesBuildPhase section */
		579DF039261242AA007DE1CC /* Sources */ = {
			isa = PBXSourcesBuildPhase;
			buildActionMask = 2147483647;
			files = (
				57F778CC2646051800FDB987 /* ResultViewController.swift in Sources */,
				57076E6C261A0B3A000950E5 /* Answerable.swift in Sources */,
				57EB280A26520068002F3414 /* LeftAlignedCollectionViewFlowLayout.swift in Sources */,
				579DF045261242AA007DE1CC /* ViewController.swift in Sources */,
				5725A81B2638EFC8001111B7 /* QuestionModel.swift in Sources */,
				5703EE3C264DCE3E00F54139 /* LoginViewController.swift in Sources */,
				5765DB672614F4C600092F9C /* QuestionPictureViewController.swift in Sources */,
				5703EE3E264E08D900F54139 /* CustomBar.swift in Sources */,
				5703EE38264DCACF00F54139 /* WelcomeViewController.swift in Sources */,
				57076E70261A1BA6000950E5 /* QuestionData.swift in Sources */,
				5703EE42264E347400F54139 /* TaskViewController.swift in Sources */,
				5765DB6A2615C29200092F9C /* ModuleViewController.swift in Sources */,
				5775B87D264C9A3A00C985E6 /* ArticleVCell.swift in Sources */,
				5703EE3A264DCE2C00F54139 /* RegisterViewController.swift in Sources */,
				5775B87A264C64EE00C985E6 /* ArticleViewController.swift in Sources */,
				57F97B92264D6D3300458914 /* ArticleBodyVC.swift in Sources */,
				5725A8132634F1A2001111B7 /* TextCollectionViewCell.swift in Sources */,
				579DF041261242AA007DE1CC /* AppDelegate.swift in Sources */,
				57076E6E261A1AA1000950E5 /* K.swift in Sources */,
				5716E36A2657CA4E0073EAA0 /* TaskViewCell.swift in Sources */,
				579DF043261242AA007DE1CC /* SceneDelegate.swift in Sources */,
				5703EE40264E1B9300F54139 /* ProfileViewController.swift in Sources */,
				5765DB6D2616325E00092F9C /* TextViewController.swift in Sources */,
				5725A81D2638F2EC001111B7 /* QuestionManager.swift in Sources */,
			);
			runOnlyForDeploymentPostprocessing = 0;
		};
/* End PBXSourcesBuildPhase section */

/* Begin PBXVariantGroup section */
		579DF046261242AA007DE1CC /* Main.storyboard */ = {
			isa = PBXVariantGroup;
			children = (
				579DF047261242AA007DE1CC /* Base */,
			);
			name = Main.storyboard;
			sourceTree = "<group>";
		};
		579DF04B261242AB007DE1CC /* LaunchScreen.storyboard */ = {
			isa = PBXVariantGroup;
			children = (
				579DF04C261242AB007DE1CC /* Base */,
			);
			name = LaunchScreen.storyboard;
			sourceTree = "<group>";
		};
/* End PBXVariantGroup section */

/* Begin XCBuildConfiguration section */
		579DF04F261242AB007DE1CC /* Debug */ = {
			isa = XCBuildConfiguration;
			buildSettings = {
				ALWAYS_SEARCH_USER_PATHS = NO;
				CLANG_ANALYZER_NONNULL = YES;
				CLANG_ANALYZER_NUMBER_OBJECT_CONVERSION = YES_AGGRESSIVE;
				CLANG_CXX_LANGUAGE_STANDARD = "gnu++14";
				CLANG_CXX_LIBRARY = "libc++";
				CLANG_ENABLE_MODULES = YES;
				CLANG_ENABLE_OBJC_ARC = YES;
				CLANG_ENABLE_OBJC_WEAK = YES;
				CLANG_WARN_BLOCK_CAPTURE_AUTORELEASING = YES;
				CLANG_WARN_BOOL_CONVERSION = YES;
				CLANG_WARN_COMMA = YES;
				CLANG_WARN_CONSTANT_CONVERSION = YES;
				CLANG_WARN_DEPRECATED_OBJC_IMPLEMENTATIONS = YES;
				CLANG_WARN_DIRECT_OBJC_ISA_USAGE = YES_ERROR;
				CLANG_WARN_DOCUMENTATION_COMMENTS = YES;
				CLANG_WARN_EMPTY_BODY = YES;
				CLANG_WARN_ENUM_CONVERSION = YES;
				CLANG_WARN_INFINITE_RECURSION = YES;
				CLANG_WARN_INT_CONVERSION = YES;
				CLANG_WARN_NON_LITERAL_NULL_CONVERSION = YES;
				CLANG_WARN_OBJC_IMPLICIT_RETAIN_SELF = YES;
				CLANG_WARN_OBJC_LITERAL_CONVERSION = YES;
				CLANG_WARN_OBJC_ROOT_CLASS = YES_ERROR;
				CLANG_WARN_RANGE_LOOP_ANALYSIS = YES;
				CLANG_WARN_STRICT_PROTOTYPES = YES;
				CLANG_WARN_SUSPICIOUS_MOVE = YES;
				CLANG_WARN_UNGUARDED_AVAILABILITY = YES_AGGRESSIVE;
				CLANG_WARN_UNREACHABLE_CODE = YES;
				CLANG_WARN__DUPLICATE_METHOD_MATCH = YES;
				COPY_PHASE_STRIP = NO;
				DEBUG_INFORMATION_FORMAT = dwarf;
				ENABLE_STRICT_OBJC_MSGSEND = YES;
				ENABLE_TESTABILITY = YES;
				GCC_C_LANGUAGE_STANDARD = gnu11;
				GCC_DYNAMIC_NO_PIC = NO;
				GCC_NO_COMMON_BLOCKS = YES;
				GCC_OPTIMIZATION_LEVEL = 0;
				GCC_PREPROCESSOR_DEFINITIONS = (
					"DEBUG=1",
					"$(inherited)",
				);
				GCC_WARN_64_TO_32_BIT_CONVERSION = YES;
				GCC_WARN_ABOUT_RETURN_TYPE = YES_ERROR;
				GCC_WARN_UNDECLARED_SELECTOR = YES;
				GCC_WARN_UNINITIALIZED_AUTOS = YES_AGGRESSIVE;
				GCC_WARN_UNUSED_FUNCTION = YES;
				GCC_WARN_UNUSED_VARIABLE = YES;
				IPHONEOS_DEPLOYMENT_TARGET = 13.2;
				MTL_ENABLE_DEBUG_INFO = INCLUDE_SOURCE;
				MTL_FAST_MATH = YES;
				ONLY_ACTIVE_ARCH = YES;
				SDKROOT = iphoneos;
				SWIFT_ACTIVE_COMPILATION_CONDITIONS = DEBUG;
				SWIFT_OPTIMIZATION_LEVEL = "-Onone";
			};
			name = Debug;
		};
		579DF050261242AB007DE1CC /* Release */ = {
			isa = XCBuildConfiguration;
			buildSettings = {
				ALWAYS_SEARCH_USER_PATHS = NO;
				CLANG_ANALYZER_NONNULL = YES;
				CLANG_ANALYZER_NUMBER_OBJECT_CONVERSION = YES_AGGRESSIVE;
				CLANG_CXX_LANGUAGE_STANDARD = "gnu++14";
				CLANG_CXX_LIBRARY = "libc++";
				CLANG_ENABLE_MODULES = YES;
				CLANG_ENABLE_OBJC_ARC = YES;
				CLANG_ENABLE_OBJC_WEAK = YES;
				CLANG_WARN_BLOCK_CAPTURE_AUTORELEASING = YES;
				CLANG_WARN_BOOL_CONVERSION = YES;
				CLANG_WARN_COMMA = YES;
				CLANG_WARN_CONSTANT_CONVERSION = YES;
				CLANG_WARN_DEPRECATED_OBJC_IMPLEMENTATIONS = YES;
				CLANG_WARN_DIRECT_OBJC_ISA_USAGE = YES_ERROR;
				CLANG_WARN_DOCUMENTATION_COMMENTS = YES;
				CLANG_WARN_EMPTY_BODY = YES;
				CLANG_WARN_ENUM_CONVERSION = YES;
				CLANG_WARN_INFINITE_RECURSION = YES;
				CLANG_WARN_INT_CONVERSION = YES;
				CLANG_WARN_NON_LITERAL_NULL_CONVERSION = YES;
				CLANG_WARN_OBJC_IMPLICIT_RETAIN_SELF = YES;
				CLANG_WARN_OBJC_LITERAL_CONVERSION = YES;
				CLANG_WARN_OBJC_ROOT_CLASS = YES_ERROR;
				CLANG_WARN_RANGE_LOOP_ANALYSIS = YES;
				CLANG_WARN_STRICT_PROTOTYPES = YES;
				CLANG_WARN_SUSPICIOUS_MOVE = YES;
				CLANG_WARN_UNGUARDED_AVAILABILITY = YES_AGGRESSIVE;
				CLANG_WARN_UNREACHABLE_CODE = YES;
				CLANG_WARN__DUPLICATE_METHOD_MATCH = YES;
				COPY_PHASE_STRIP = NO;
				DEBUG_INFORMATION_FORMAT = "dwarf-with-dsym";
				ENABLE_NS_ASSERTIONS = NO;
				ENABLE_STRICT_OBJC_MSGSEND = YES;
				GCC_C_LANGUAGE_STANDARD = gnu11;
				GCC_NO_COMMON_BLOCKS = YES;
				GCC_WARN_64_TO_32_BIT_CONVERSION = YES;
				GCC_WARN_ABOUT_RETURN_TYPE = YES_ERROR;
				GCC_WARN_UNDECLARED_SELECTOR = YES;
				GCC_WARN_UNINITIALIZED_AUTOS = YES_AGGRESSIVE;
				GCC_WARN_UNUSED_FUNCTION = YES;
				GCC_WARN_UNUSED_VARIABLE = YES;
				IPHONEOS_DEPLOYMENT_TARGET = 13.2;
				MTL_ENABLE_DEBUG_INFO = NO;
				MTL_FAST_MATH = YES;
				SDKROOT = iphoneos;
				SWIFT_COMPILATION_MODE = wholemodule;
				SWIFT_OPTIMIZATION_LEVEL = "-O";
				VALIDATE_PRODUCT = YES;
			};
			name = Release;
		};
		579DF052261242AB007DE1CC /* Debug */ = {
			isa = XCBuildConfiguration;
			baseConfigurationReference = E0F3C33825F0681BB305B93D /* Pods-KazLinguo.debug.xcconfig */;
			buildSettings = {
				ASSETCATALOG_COMPILER_APPICON_NAME = AppIcon;
				CODE_SIGN_STYLE = Automatic;
				DEVELOPMENT_TEAM = KL55U7JTSU;
				INFOPLIST_FILE = KazLinguo/Info.plist;
				LD_RUNPATH_SEARCH_PATHS = (
					"$(inherited)",
					"@executable_path/Frameworks",
				);
				PRODUCT_BUNDLE_IDENTIFIER = SKE.KazLinguo;
				PRODUCT_NAME = "$(TARGET_NAME)";
				SWIFT_VERSION = 5.0;
				TARGETED_DEVICE_FAMILY = "1,2";
			};
			name = Debug;
		};
		579DF053261242AB007DE1CC /* Release */ = {
			isa = XCBuildConfiguration;
			baseConfigurationReference = 289E29FC317E86DA6195B907 /* Pods-KazLinguo.release.xcconfig */;
			buildSettings = {
				ASSETCATALOG_COMPILER_APPICON_NAME = AppIcon;
				CODE_SIGN_STYLE = Automatic;
				DEVELOPMENT_TEAM = KL55U7JTSU;
				INFOPLIST_FILE = KazLinguo/Info.plist;
				LD_RUNPATH_SEARCH_PATHS = (
					"$(inherited)",
					"@executable_path/Frameworks",
				);
				PRODUCT_BUNDLE_IDENTIFIER = SKE.KazLinguo;
				PRODUCT_NAME = "$(TARGET_NAME)";
				SWIFT_VERSION = 5.0;
				TARGETED_DEVICE_FAMILY = "1,2";
			};
			name = Release;
		};
/* End XCBuildConfiguration section */

/* Begin XCConfigurationList section */
		579DF038261242AA007DE1CC /* Build configuration list for PBXProject "KazLinguo" */ = {
			isa = XCConfigurationList;
			buildConfigurations = (
				579DF04F261242AB007DE1CC /* Debug */,
				579DF050261242AB007DE1CC /* Release */,
			);
			defaultConfigurationIsVisible = 0;
			defaultConfigurationName = Release;
		};
		579DF051261242AB007DE1CC /* Build configuration list for PBXNativeTarget "KazLinguo" */ = {
			isa = XCConfigurationList;
			buildConfigurations = (
				579DF052261242AB007DE1CC /* Debug */,
				579DF053261242AB007DE1CC /* Release */,
			);
			defaultConfigurationIsVisible = 0;
			defaultConfigurationName = Release;
		};
/* End XCConfigurationList section */
	};
	rootObject = 579DF035261242AA007DE1CC /* Project object */;
}
